
Microsoft Visual Studio Solution File, Format Version 12.00
# Visual Studio Version 17
VisualStudioVersion = 17.2.32505.173
MinimumVisualStudioVersion = 10.0.40219.1
Project("{FAE04EC0-301F-11D3-BF4B-00C04F79EFBC}") = "ConsoleApp1", "ConsoleApp1\ConsoleApp1.csproj", "{17D240EC-792E-42B5-8C4D-3F0B9980E9E0}"
EndProject
Global
	GlobalSection(SolutionConfigurationPlatforms) = preSolution
		Debug|Any CPU = Debug|Any CPU
		Release|Any CPU = Release|Any CPU
	EndGlobalSection
	GlobalSection(ProjectConfigurationPlatforms) = postSolution
		{17D240EC-792E-42B5-8C4D-3F0B9980E9E0}.Debug|Any CPU.ActiveCfg = Debug|Any CPU
		{17D240EC-792E-42B5-8C4D-3F0B9980E9E0}.Debug|Any CPU.Build.0 = Debug|Any CPU
		{17D240EC-792E-42B5-8C4D-3F0B9980E9E0}.Release|Any CPU.ActiveCfg = Release|Any CPU
		{17D240EC-792E-42B5-8C4D-3F0B9980E9E0}.Release|Any CPU.Build.0 = Release|Any CPU
	EndGlobalSection
	GlobalSection(SolutionProperties) = preSolution
		HideSolutionNode = FALSE
	EndGlobalSection
	GlobalSection(ExtensibilityGlobals) = postSolution
		SolutionGuid = {2D822B9C-876F-41D1-BA5D-34DE1197CD4D}
	EndGlobalSection
EndGlobal
