
Microsoft Visual Studio Solution File, Format Version 12.00
# Visual Studio Version 17
VisualStudioVersion = 17.2.32505.173
MinimumVisualStudioVersion = 10.0.40219.1
Project("{9A19103F-16F7-4668-BE54-9A1E7A4F7556}") = "UserClass", "UserClass\UserClass.csproj", "{6FB28C66-1693-424A-B7EE-D19AB57C9F48}"
EndProject
Project("{FAE04EC0-301F-11D3-BF4B-00C04F79EFBC}") = "UserRegisterTest", "UserRegisterTest\UserRegisterTest.csproj", "{E4AC2C7B-9F5D-4803-AA19-1A9ECCACB2E5}"
EndProject
Global
	GlobalSection(SolutionConfigurationPlatforms) = preSolution
		Debug|Any CPU = Debug|Any CPU
		Release|Any CPU = Release|Any CPU
	EndGlobalSection
	GlobalSection(ProjectConfigurationPlatforms) = postSolution
		{6FB28C66-1693-424A-B7EE-D19AB57C9F48}.Debug|Any CPU.ActiveCfg = Debug|Any CPU
		{6FB28C66-1693-424A-B7EE-D19AB57C9F48}.Debug|Any CPU.Build.0 = Debug|Any CPU
		{6FB28C66-1693-424A-B7EE-D19AB57C9F48}.Release|Any CPU.ActiveCfg = Release|Any CPU
		{6FB28C66-1693-424A-B7EE-D19AB57C9F48}.Release|Any CPU.Build.0 = Release|Any CPU
		{E4AC2C7B-9F5D-4803-AA19-1A9ECCACB2E5}.Debug|Any CPU.ActiveCfg = Debug|Any CPU
		{E4AC2C7B-9F5D-4803-AA19-1A9ECCACB2E5}.Debug|Any CPU.Build.0 = Debug|Any CPU
		{E4AC2C7B-9F5D-4803-AA19-1A9ECCACB2E5}.Release|Any CPU.ActiveCfg = Release|Any CPU
		{E4AC2C7B-9F5D-4803-AA19-1A9ECCACB2E5}.Release|Any CPU.Build.0 = Release|Any CPU
	EndGlobalSection
	GlobalSection(SolutionProperties) = preSolution
		HideSolutionNode = FALSE
	EndGlobalSection
	GlobalSection(ExtensibilityGlobals) = postSolution
		SolutionGuid = {2D822B9C-876F-41D1-BA5D-34DE1197CD4D}
	EndGlobalSection
EndGlobal
